
Microsoft Visual Studio Solution File, Format Version 12.00
# Visual Studio Version 16
VisualStudioVersion = 16.0.30804.86
MinimumVisualStudioVersion = 10.0.40219.1
Project("{FAE04EC0-301F-11D3-BF4B-00C04F79EFBC}") = "WebScraper", "WebScraper.csproj", "{73567E28-7381-457C-8A09-446C218B901D}"
EndProject
Global
	GlobalSection(SolutionConfigurationPlatforms) = preSolution
		Debug|Any CPU = Debug|Any CPU
		Release|Any CPU = Release|Any CPU
	EndGlobalSection
	GlobalSection(ProjectConfigurationPlatforms) = postSolution
		{73567E28-7381-457C-8A09-446C218B901D}.Debug|Any CPU.ActiveCfg = Debug|Any CPU
		{73567E28-7381-457C-8A09-446C218B901D}.Debug|Any CPU.Build.0 = Debug|Any CPU
		{73567E28-7381-457C-8A09-446C218B901D}.Release|Any CPU.ActiveCfg = Release|Any CPU
		{73567E28-7381-457C-8A09-446C218B901D}.Release|Any CPU.Build.0 = Release|Any CPU
	EndGlobalSection
	GlobalSection(SolutionProperties) = preSolution
		HideSolutionNode = FALSE
	EndGlobalSection
	GlobalSection(ExtensibilityGlobals) = postSolution
		SolutionGuid = {D34FA064-59CA-4C83-BB5E-CB72404D0075}
	EndGlobalSection
EndGlobal
